
Microsoft Visual Studio Solution File, Format Version 12.00
# Visual Studio Version 17
VisualStudioVersion = 17.0.31903.59
MinimumVisualStudioVersion = 10.0.40219.1
Project("{2150E333-8FDC-42A3-9474-1A3956D46DE8}") = "tests", "tests", "{34FE71AA-C33C-4F48-8F46-024A8B709CC8}"
EndProject
Project("{2150E333-8FDC-42A3-9474-1A3956D46DE8}") = "UnitTests", "UnitTests", "{A0CF5B46-8A8F-466D-A829-D97BEEB715DE}"
EndProject
Project("{FAE04EC0-301F-11D3-BF4B-00C04F79EFBC}") = "InvenEase.Infrastructure.UnitTests", "tests\UnitTests\InvenEase.Infrastructure.UnitTests\InvenEase.Infrastructure.UnitTests.csproj", "{86F18826-ECAD-417D-B347-5AE323BFDB31}"
EndProject
Project("{FAE04EC0-301F-11D3-BF4B-00C04F79EFBC}") = "InvenEase.Domain.UnitTests", "tests\UnitTests\InvenEase.Domain.UnitTests\InvenEase.Domain.UnitTests.csproj", "{F7780494-C35E-4F49-B3D4-920D75CB3023}"
EndProject
Project("{FAE04EC0-301F-11D3-BF4B-00C04F79EFBC}") = "InvenEase.Application.UnitTests", "tests\UnitTests\InvenEase.Application.UnitTests\InvenEase.Application.UnitTests.csproj", "{726798E2-1BE7-4063-BC58-76AF604373A0}"
EndProject
Project("{FAE04EC0-301F-11D3-BF4B-00C04F79EFBC}") = "InvenEase.Api.UnitTests", "tests\UnitTests\InvenEase.Api.UnitTests\InvenEase.Api.UnitTests.csproj", "{394C7C27-453C-43B5-8181-2EFE4FDD4A07}"
EndProject
Project("{2150E333-8FDC-42A3-9474-1A3956D46DE8}") = "src", "src", "{9EC69339-E8CF-44F9-8924-C178373C3BA1}"
EndProject
Project("{FAE04EC0-301F-11D3-BF4B-00C04F79EFBC}") = "InvenEase.Infrastructure", "src\InvenEase.Infrastructure\InvenEase.Infrastructure.csproj", "{CFFDDFD1-EA3A-4EA9-8580-98778BC4A2A2}"
EndProject
Project("{FAE04EC0-301F-11D3-BF4B-00C04F79EFBC}") = "InvenEase.Domain", "src\InvenEase.Domain\InvenEase.Domain.csproj", "{79C5D13D-79B9-4674-A64B-84A04CD1D216}"
EndProject
Project("{FAE04EC0-301F-11D3-BF4B-00C04F79EFBC}") = "InvenEase.Contracts", "src\InvenEase.Contracts\InvenEase.Contracts.csproj", "{6CDFE733-F327-41B6-8443-61215675C812}"
EndProject
Project("{FAE04EC0-301F-11D3-BF4B-00C04F79EFBC}") = "InvenEase.Application", "src\InvenEase.Application\InvenEase.Application.csproj", "{97E51F6C-AA34-4400-9590-1C489A1F7DB7}"
EndProject
Project("{FAE04EC0-301F-11D3-BF4B-00C04F79EFBC}") = "InvenEase.Api", "src\InvenEase.Api\InvenEase.Api.csproj", "{9BB97C47-8590-4838-8BAA-6291E0DDB30C}"
EndProject
Global
	GlobalSection(SolutionConfigurationPlatforms) = preSolution
		Debug|Any CPU = Debug|Any CPU
		Release|Any CPU = Release|Any CPU
	EndGlobalSection
	GlobalSection(SolutionProperties) = preSolution
		HideSolutionNode = FALSE
	EndGlobalSection
	GlobalSection(ProjectConfigurationPlatforms) = postSolution
		{86F18826-ECAD-417D-B347-5AE323BFDB31}.Debug|Any CPU.ActiveCfg = Debug|Any CPU
		{86F18826-ECAD-417D-B347-5AE323BFDB31}.Debug|Any CPU.Build.0 = Debug|Any CPU
		{86F18826-ECAD-417D-B347-5AE323BFDB31}.Release|Any CPU.ActiveCfg = Release|Any CPU
		{86F18826-ECAD-417D-B347-5AE323BFDB31}.Release|Any CPU.Build.0 = Release|Any CPU
		{F7780494-C35E-4F49-B3D4-920D75CB3023}.Debug|Any CPU.ActiveCfg = Debug|Any CPU
		{F7780494-C35E-4F49-B3D4-920D75CB3023}.Debug|Any CPU.Build.0 = Debug|Any CPU
		{F7780494-C35E-4F49-B3D4-920D75CB3023}.Release|Any CPU.ActiveCfg = Release|Any CPU
		{F7780494-C35E-4F49-B3D4-920D75CB3023}.Release|Any CPU.Build.0 = Release|Any CPU
		{726798E2-1BE7-4063-BC58-76AF604373A0}.Debug|Any CPU.ActiveCfg = Debug|Any CPU
		{726798E2-1BE7-4063-BC58-76AF604373A0}.Debug|Any CPU.Build.0 = Debug|Any CPU
		{726798E2-1BE7-4063-BC58-76AF604373A0}.Release|Any CPU.ActiveCfg = Release|Any CPU
		{726798E2-1BE7-4063-BC58-76AF604373A0}.Release|Any CPU.Build.0 = Release|Any CPU
		{394C7C27-453C-43B5-8181-2EFE4FDD4A07}.Debug|Any CPU.ActiveCfg = Debug|Any CPU
		{394C7C27-453C-43B5-8181-2EFE4FDD4A07}.Debug|Any CPU.Build.0 = Debug|Any CPU
		{394C7C27-453C-43B5-8181-2EFE4FDD4A07}.Release|Any CPU.ActiveCfg = Release|Any CPU
		{394C7C27-453C-43B5-8181-2EFE4FDD4A07}.Release|Any CPU.Build.0 = Release|Any CPU
		{CFFDDFD1-EA3A-4EA9-8580-98778BC4A2A2}.Debug|Any CPU.ActiveCfg = Debug|Any CPU
		{CFFDDFD1-EA3A-4EA9-8580-98778BC4A2A2}.Debug|Any CPU.Build.0 = Debug|Any CPU
		{CFFDDFD1-EA3A-4EA9-8580-98778BC4A2A2}.Release|Any CPU.ActiveCfg = Release|Any CPU
		{CFFDDFD1-EA3A-4EA9-8580-98778BC4A2A2}.Release|Any CPU.Build.0 = Release|Any CPU
		{79C5D13D-79B9-4674-A64B-84A04CD1D216}.Debug|Any CPU.ActiveCfg = Debug|Any CPU
		{79C5D13D-79B9-4674-A64B-84A04CD1D216}.Debug|Any CPU.Build.0 = Debug|Any CPU
		{79C5D13D-79B9-4674-A64B-84A04CD1D216}.Release|Any CPU.ActiveCfg = Release|Any CPU
		{79C5D13D-79B9-4674-A64B-84A04CD1D216}.Release|Any CPU.Build.0 = Release|Any CPU
		{6CDFE733-F327-41B6-8443-61215675C812}.Debug|Any CPU.ActiveCfg = Debug|Any CPU
		{6CDFE733-F327-41B6-8443-61215675C812}.Debug|Any CPU.Build.0 = Debug|Any CPU
		{6CDFE733-F327-41B6-8443-61215675C812}.Release|Any CPU.ActiveCfg = Release|Any CPU
		{6CDFE733-F327-41B6-8443-61215675C812}.Release|Any CPU.Build.0 = Release|Any CPU
		{97E51F6C-AA34-4400-9590-1C489A1F7DB7}.Debug|Any CPU.ActiveCfg = Debug|Any CPU
		{97E51F6C-AA34-4400-9590-1C489A1F7DB7}.Debug|Any CPU.Build.0 = Debug|Any CPU
		{97E51F6C-AA34-4400-9590-1C489A1F7DB7}.Release|Any CPU.ActiveCfg = Release|Any CPU
		{97E51F6C-AA34-4400-9590-1C489A1F7DB7}.Release|Any CPU.Build.0 = Release|Any CPU
		{9BB97C47-8590-4838-8BAA-6291E0DDB30C}.Debug|Any CPU.ActiveCfg = Debug|Any CPU
		{9BB97C47-8590-4838-8BAA-6291E0DDB30C}.Debug|Any CPU.Build.0 = Debug|Any CPU
		{9BB97C47-8590-4838-8BAA-6291E0DDB30C}.Release|Any CPU.ActiveCfg = Release|Any CPU
		{9BB97C47-8590-4838-8BAA-6291E0DDB30C}.Release|Any CPU.Build.0 = Release|Any CPU
	EndGlobalSection
	GlobalSection(NestedProjects) = preSolution
		{A0CF5B46-8A8F-466D-A829-D97BEEB715DE} = {34FE71AA-C33C-4F48-8F46-024A8B709CC8}
		{86F18826-ECAD-417D-B347-5AE323BFDB31} = {A0CF5B46-8A8F-466D-A829-D97BEEB715DE}
		{F7780494-C35E-4F49-B3D4-920D75CB3023} = {A0CF5B46-8A8F-466D-A829-D97BEEB715DE}
		{726798E2-1BE7-4063-BC58-76AF604373A0} = {A0CF5B46-8A8F-466D-A829-D97BEEB715DE}
		{394C7C27-453C-43B5-8181-2EFE4FDD4A07} = {A0CF5B46-8A8F-466D-A829-D97BEEB715DE}
		{CFFDDFD1-EA3A-4EA9-8580-98778BC4A2A2} = {9EC69339-E8CF-44F9-8924-C178373C3BA1}
		{79C5D13D-79B9-4674-A64B-84A04CD1D216} = {9EC69339-E8CF-44F9-8924-C178373C3BA1}
		{6CDFE733-F327-41B6-8443-61215675C812} = {9EC69339-E8CF-44F9-8924-C178373C3BA1}
		{97E51F6C-AA34-4400-9590-1C489A1F7DB7} = {9EC69339-E8CF-44F9-8924-C178373C3BA1}
		{9BB97C47-8590-4838-8BAA-6291E0DDB30C} = {9EC69339-E8CF-44F9-8924-C178373C3BA1}
	EndGlobalSection
EndGlobal
